
Microsoft Visual Studio Solution File, Format Version 12.00
# Visual Studio Version 17
VisualStudioVersion = 17.7.34003.232
MinimumVisualStudioVersion = 10.0.40219.1
Project("{8BC9CEB8-8B4A-11D0-8D11-00A0C91BC942}") = "BOJ_10769", "BOJ_10769\BOJ_10769.vcxproj", "{C1D7DC78-0C58-4BD0-A8B5-8F601ED6FB94}"
EndProject
Global
	GlobalSection(SolutionConfigurationPlatforms) = preSolution
		Debug|x64 = Debug|x64
		Release|x64 = Release|x64
	EndGlobalSection
	GlobalSection(ProjectConfigurationPlatforms) = postSolution
		{C1D7DC78-0C58-4BD0-A8B5-8F601ED6FB94}.Debug|x64.ActiveCfg = Debug|x64
		{C1D7DC78-0C58-4BD0-A8B5-8F601ED6FB94}.Debug|x64.Build.0 = Debug|x64
		{C1D7DC78-0C58-4BD0-A8B5-8F601ED6FB94}.Release|x64.ActiveCfg = Release|x64
		{C1D7DC78-0C58-4BD0-A8B5-8F601ED6FB94}.Release|x64.Build.0 = Release|x64
	EndGlobalSection
	GlobalSection(SolutionProperties) = preSolution
		HideSolutionNode = FALSE
	EndGlobalSection
	GlobalSection(ExtensibilityGlobals) = postSolution
		SolutionGuid = {4BF2B845-C7DA-43CF-B106-074170968AD9}
	EndGlobalSection
EndGlobal
